
Microsoft Visual Studio Solution File, Format Version 12.00
# Visual Studio Version 17
VisualStudioVersion = 17.13.35931.197 d17.13
MinimumVisualStudioVersion = 10.0.40219.1
Project("{8BC9CEB8-8B4A-11D0-8D11-00A0C91BC942}") = "BZCC", "BZCC.vcxproj", "{3B21D77F-AE63-4966-A5F0-92492F917659}"
EndProject
Global
	GlobalSection(SolutionConfigurationPlatforms) = preSolution
		Debug|x86 = Debug|x86
		Release|x86 = Release|x86
	EndGlobalSection
	GlobalSection(ProjectConfigurationPlatforms) = postSolution
		{3B21D77F-AE63-4966-A5F0-92492F917659}.Debug|x86.ActiveCfg = Debug|Win32
		{3B21D77F-AE63-4966-A5F0-92492F917659}.Debug|x86.Build.0 = Debug|Win32
		{3B21D77F-AE63-4966-A5F0-92492F917659}.Release|x86.ActiveCfg = Release|Win32
		{3B21D77F-AE63-4966-A5F0-92492F917659}.Release|x86.Build.0 = Release|Win32
	EndGlobalSection
	GlobalSection(SolutionProperties) = preSolution
		HideSolutionNode = FALSE
	EndGlobalSection
	GlobalSection(ExtensibilityGlobals) = postSolution
		SolutionGuid = {C2CAD4BE-AFFF-4E3E-8127-E05507ACCF94}
	EndGlobalSection
EndGlobal
